// !$*UTF8*$!
{
	archiveVersion = 1;
	classes = {
	};
	objectVersion = 45;
	objects = {

/* Begin PBXBuildFile section */
		22297EB114FC1413003CE798 /* FBFrictionlessRequestSettings.h in Headers */ = {isa = PBXBuildFile; fileRef = 22297EAF14FC1412003CE798 /* FBFrictionlessRequestSettings.h */; };
		22297EB214FC1413003CE798 /* FBFrictionlessRequestSettings.m in Sources */ = {isa = PBXBuildFile; fileRef = 22297EB014FC1412003CE798 /* FBFrictionlessRequestSettings.m */; };
		5BAE586A1573E3A100BBFD7F /* SFSimpleUser.m in Sources */ = {isa = PBXBuildFile; fileRef = 5BAE58601573E3A100BBFD7F /* SFSimpleUser.m */; };
		5BAE586B1573E3A100BBFD7F /* SFSimpleUser.h in Headers */ = {isa = PBXBuildFile; fileRef = 5BAE58611573E3A100BBFD7F /* SFSimpleUser.h */; };
		5BAE586C1573E3A100BBFD7F /* SFSimpleApplication.m in Sources */ = {isa = PBXBuildFile; fileRef = 5BAE58621573E3A100BBFD7F /* SFSimpleApplication.m */; };
		5BAE586D1573E3A100BBFD7F /* SFSimpleApplication.h in Headers */ = {isa = PBXBuildFile; fileRef = 5BAE58631573E3A100BBFD7F /* SFSimpleApplication.h */; };
		5BAE586E1573E3A100BBFD7F /* SFObject.m in Sources */ = {isa = PBXBuildFile; fileRef = 5BAE58641573E3A100BBFD7F /* SFObject.m */; };
		5BAE586F1573E3A100BBFD7F /* SFObject.h in Headers */ = {isa = PBXBuildFile; fileRef = 5BAE58651573E3A100BBFD7F /* SFObject.h */; };
		5BAE58701573E3A100BBFD7F /* SFEvent.m in Sources */ = {isa = PBXBuildFile; fileRef = 5BAE58661573E3A100BBFD7F /* SFEvent.m */; };
		5BAE58711573E3A100BBFD7F /* SFEvent.h in Headers */ = {isa = PBXBuildFile; fileRef = 5BAE58671573E3A100BBFD7F /* SFEvent.h */; };
		5BAE58721573E3A100BBFD7F /* SFComment.m in Sources */ = {isa = PBXBuildFile; fileRef = 5BAE58681573E3A100BBFD7F /* SFComment.m */; };
		5BAE58731573E3A100BBFD7F /* SFComment.h in Headers */ = {isa = PBXBuildFile; fileRef = 5BAE58691573E3A100BBFD7F /* SFComment.h */; };
		5BAE58771573E3B700BBFD7F /* SFUtil.h in Headers */ = {isa = PBXBuildFile; fileRef = 5BAE58741573E3B700BBFD7F /* SFUtil.h */; };
		5BAE58781573E3B700BBFD7F /* SFTextDialog.m in Sources */ = {isa = PBXBuildFile; fileRef = 5BAE58751573E3B700BBFD7F /* SFTextDialog.m */; };
		5BAE58791573E3B700BBFD7F /* SFTextDialog.h in Headers */ = {isa = PBXBuildFile; fileRef = 5BAE58761573E3B700BBFD7F /* SFTextDialog.h */; };
		5BDBF3F914AB84A700EBB0E9 /* JSON.h in Headers */ = {isa = PBXBuildFile; fileRef = 5BDBF3DF14AB84A700EBB0E9 /* JSON.h */; };
		5BDBF3FA14AB84A700EBB0E9 /* NSObject+SBJson.h in Headers */ = {isa = PBXBuildFile; fileRef = 5BDBF3E014AB84A700EBB0E9 /* NSObject+SBJson.h */; };
		5BDBF3FB14AB84A700EBB0E9 /* NSObject+SBJson.m in Sources */ = {isa = PBXBuildFile; fileRef = 5BDBF3E114AB84A700EBB0E9 /* NSObject+SBJson.m */; };
		5BDBF3FC14AB84A700EBB0E9 /* SBJson.h in Headers */ = {isa = PBXBuildFile; fileRef = 5BDBF3E214AB84A700EBB0E9 /* SBJson.h */; };
		5BDBF3FD14AB84A700EBB0E9 /* SBJsonParser.h in Headers */ = {isa = PBXBuildFile; fileRef = 5BDBF3E314AB84A700EBB0E9 /* SBJsonParser.h */; };
		5BDBF3FE14AB84A700EBB0E9 /* SBJsonParser.m in Sources */ = {isa = PBXBuildFile; fileRef = 5BDBF3E414AB84A700EBB0E9 /* SBJsonParser.m */; };
		5BDBF3FF14AB84A700EBB0E9 /* SBJsonStreamParser.h in Headers */ = {isa = PBXBuildFile; fileRef = 5BDBF3E514AB84A700EBB0E9 /* SBJsonStreamParser.h */; };
		5BDBF40014AB84A700EBB0E9 /* SBJsonStreamParser.m in Sources */ = {isa = PBXBuildFile; fileRef = 5BDBF3E614AB84A700EBB0E9 /* SBJsonStreamParser.m */; };
		5BDBF40114AB84A700EBB0E9 /* SBJsonStreamParserAccumulator.h in Headers */ = {isa = PBXBuildFile; fileRef = 5BDBF3E714AB84A700EBB0E9 /* SBJsonStreamParserAccumulator.h */; };
		5BDBF40214AB84A700EBB0E9 /* SBJsonStreamParserAccumulator.m in Sources */ = {isa = PBXBuildFile; fileRef = 5BDBF3E814AB84A700EBB0E9 /* SBJsonStreamParserAccumulator.m */; };
		5BDBF40314AB84A700EBB0E9 /* SBJsonStreamParserAdapter.h in Headers */ = {isa = PBXBuildFile; fileRef = 5BDBF3E914AB84A700EBB0E9 /* SBJsonStreamParserAdapter.h */; };
		5BDBF40414AB84A700EBB0E9 /* SBJsonStreamParserAdapter.m in Sources */ = {isa = PBXBuildFile; fileRef = 5BDBF3EA14AB84A700EBB0E9 /* SBJsonStreamParserAdapter.m */; };
		5BDBF40514AB84A700EBB0E9 /* SBJsonStreamParserState.h in Headers */ = {isa = PBXBuildFile; fileRef = 5BDBF3EB14AB84A700EBB0E9 /* SBJsonStreamParserState.h */; };
		5BDBF40614AB84A700EBB0E9 /* SBJsonStreamParserState.m in Sources */ = {isa = PBXBuildFile; fileRef = 5BDBF3EC14AB84A700EBB0E9 /* SBJsonStreamParserState.m */; };
		5BDBF40714AB84A700EBB0E9 /* SBJsonStreamWriter.h in Headers */ = {isa = PBXBuildFile; fileRef = 5BDBF3ED14AB84A700EBB0E9 /* SBJsonStreamWriter.h */; };
		5BDBF40814AB84A700EBB0E9 /* SBJsonStreamWriter.m in Sources */ = {isa = PBXBuildFile; fileRef = 5BDBF3EE14AB84A700EBB0E9 /* SBJsonStreamWriter.m */; };
		5BDBF40914AB84A700EBB0E9 /* SBJsonStreamWriterAccumulator.h in Headers */ = {isa = PBXBuildFile; fileRef = 5BDBF3EF14AB84A700EBB0E9 /* SBJsonStreamWriterAccumulator.h */; };
		5BDBF40A14AB84A700EBB0E9 /* SBJsonStreamWriterAccumulator.m in Sources */ = {isa = PBXBuildFile; fileRef = 5BDBF3F014AB84A700EBB0E9 /* SBJsonStreamWriterAccumulator.m */; };
		5BDBF40B14AB84A700EBB0E9 /* SBJsonStreamWriterState.h in Headers */ = {isa = PBXBuildFile; fileRef = 5BDBF3F114AB84A700EBB0E9 /* SBJsonStreamWriterState.h */; };
		5BDBF40C14AB84A700EBB0E9 /* SBJsonStreamWriterState.m in Sources */ = {isa = PBXBuildFile; fileRef = 5BDBF3F214AB84A700EBB0E9 /* SBJsonStreamWriterState.m */; };
		5BDBF40D14AB84A700EBB0E9 /* SBJsonTokeniser.h in Headers */ = {isa = PBXBuildFile; fileRef = 5BDBF3F314AB84A700EBB0E9 /* SBJsonTokeniser.h */; };
		5BDBF40E14AB84A700EBB0E9 /* SBJsonTokeniser.m in Sources */ = {isa = PBXBuildFile; fileRef = 5BDBF3F414AB84A700EBB0E9 /* SBJsonTokeniser.m */; };
		5BDBF40F14AB84A700EBB0E9 /* SBJsonUTF8Stream.h in Headers */ = {isa = PBXBuildFile; fileRef = 5BDBF3F514AB84A700EBB0E9 /* SBJsonUTF8Stream.h */; };
		5BDBF41014AB84A700EBB0E9 /* SBJsonUTF8Stream.m in Sources */ = {isa = PBXBuildFile; fileRef = 5BDBF3F614AB84A700EBB0E9 /* SBJsonUTF8Stream.m */; };
		5BDBF41114AB84A700EBB0E9 /* SBJsonWriter.h in Headers */ = {isa = PBXBuildFile; fileRef = 5BDBF3F714AB84A700EBB0E9 /* SBJsonWriter.h */; };
		5BDBF41214AB84A700EBB0E9 /* SBJsonWriter.m in Sources */ = {isa = PBXBuildFile; fileRef = 5BDBF3F814AB84A700EBB0E9 /* SBJsonWriter.m */; };
		5BDBF4D314AB8A7A00EBB0E9 /* SFSimplePost.h in Headers */ = {isa = PBXBuildFile; fileRef = 5BDBF4C314AB8A7A00EBB0E9 /* SFSimplePost.h */; };
		5BDBF4D414AB8A7A00EBB0E9 /* SFSimplePost.m in Sources */ = {isa = PBXBuildFile; fileRef = 5BDBF4C414AB8A7A00EBB0E9 /* SFSimplePost.m */; };
		5BDBF4D714AB8A7A00EBB0E9 /* SFFacebookRequest.h in Headers */ = {isa = PBXBuildFile; fileRef = 5BDBF4C714AB8A7A00EBB0E9 /* SFFacebookRequest.h */; };
		5BDBF4D814AB8A7A00EBB0E9 /* SFFacebookRequest.m in Sources */ = {isa = PBXBuildFile; fileRef = 5BDBF4C814AB8A7A00EBB0E9 /* SFFacebookRequest.m */; };
		5BDBF4D914AB8A7A00EBB0E9 /* SFSocialFacebook.h in Headers */ = {isa = PBXBuildFile; fileRef = 5BDBF4C914AB8A7A00EBB0E9 /* SFSocialFacebook.h */; };
		5BDBF4DA14AB8A7A00EBB0E9 /* SFSocialFacebook.m in Sources */ = {isa = PBXBuildFile; fileRef = 5BDBF4CA14AB8A7A00EBB0E9 /* SFSocialFacebook.m */; };
		5BDBF4DB14AB8A7A00EBB0E9 /* SFURLRequest.h in Headers */ = {isa = PBXBuildFile; fileRef = 5BDBF4CB14AB8A7A00EBB0E9 /* SFURLRequest.h */; };
		5BDBF4DC14AB8A7A00EBB0E9 /* SFURLRequest.m in Sources */ = {isa = PBXBuildFile; fileRef = 5BDBF4CC14AB8A7A00EBB0E9 /* SFURLRequest.m */; };
		AA747D9F0F9514B9006C5449 /* facebook_ios_sdk_Prefix.pch in Headers */ = {isa = PBXBuildFile; fileRef = AA747D9E0F9514B9006C5449 /* facebook_ios_sdk_Prefix.pch */; };
		AACBBE4A0F95108600F1A2B1 /* Foundation.framework in Frameworks */ = {isa = PBXBuildFile; fileRef = AACBBE490F95108600F1A2B1 /* Foundation.framework */; };
		AEA93B0A11D5293B000A4545 /* FBConnect.h in Headers */ = {isa = PBXBuildFile; fileRef = AEA93B0111D5293B000A4545 /* FBConnect.h */; };
		AEA93B0B11D5293B000A4545 /* FBRequest.h in Headers */ = {isa = PBXBuildFile; fileRef = AEA93B0211D5293B000A4545 /* FBRequest.h */; };
		AEA93B0C11D5293B000A4545 /* FBRequest.m in Sources */ = {isa = PBXBuildFile; fileRef = AEA93B0311D5293B000A4545 /* FBRequest.m */; };
		AEA93B0D11D5293B000A4545 /* Facebook.m in Sources */ = {isa = PBXBuildFile; fileRef = AEA93B0411D5293B000A4545 /* Facebook.m */; };
		AEA93B0E11D5293B000A4545 /* Facebook.h in Headers */ = {isa = PBXBuildFile; fileRef = AEA93B0511D5293B000A4545 /* Facebook.h */; };
		AEA93B0F11D5293B000A4545 /* FBLoginDialog.h in Headers */ = {isa = PBXBuildFile; fileRef = AEA93B0611D5293B000A4545 /* FBLoginDialog.h */; };
		AEA93B1011D5293B000A4545 /* FBLoginDialog.m in Sources */ = {isa = PBXBuildFile; fileRef = AEA93B0711D5293B000A4545 /* FBLoginDialog.m */; };
		AEA93B1111D5293B000A4545 /* FBDialog.h in Headers */ = {isa = PBXBuildFile; fileRef = AEA93B0811D5293B000A4545 /* FBDialog.h */; };
		AEA93B1211D5293B000A4545 /* FBDialog.m in Sources */ = {isa = PBXBuildFile; fileRef = AEA93B0911D5293B000A4545 /* FBDialog.m */; };
/* End PBXBuildFile section */

/* Begin PBXFileReference section */
		22297EAF14FC1412003CE798 /* FBFrictionlessRequestSettings.h */ = {isa = PBXFileReference; fileEncoding = 4; lastKnownFileType = sourcecode.c.h; path = FBFrictionlessRequestSettings.h; sourceTree = "<group>"; };
		22297EB014FC1412003CE798 /* FBFrictionlessRequestSettings.m */ = {isa = PBXFileReference; fileEncoding = 4; lastKnownFileType = sourcecode.c.objc; path = FBFrictionlessRequestSettings.m; sourceTree = "<group>"; };
		5BAE58601573E3A100BBFD7F /* SFSimpleUser.m */ = {isa = PBXFileReference; fileEncoding = 4; lastKnownFileType = sourcecode.c.objc; path = SFSimpleUser.m; sourceTree = "<group>"; };
		5BAE58611573E3A100BBFD7F /* SFSimpleUser.h */ = {isa = PBXFileReference; fileEncoding = 4; lastKnownFileType = sourcecode.c.h; path = SFSimpleUser.h; sourceTree = "<group>"; };
		5BAE58621573E3A100BBFD7F /* SFSimpleApplication.m */ = {isa = PBXFileReference; fileEncoding = 4; lastKnownFileType = sourcecode.c.objc; path = SFSimpleApplication.m; sourceTree = "<group>"; };
		5BAE58631573E3A100BBFD7F /* SFSimpleApplication.h */ = {isa = PBXFileReference; fileEncoding = 4; lastKnownFileType = sourcecode.c.h; path = SFSimpleApplication.h; sourceTree = "<group>"; };
		5BAE58641573E3A100BBFD7F /* SFObject.m */ = {isa = PBXFileReference; fileEncoding = 4; lastKnownFileType = sourcecode.c.objc; path = SFObject.m; sourceTree = "<group>"; };
		5BAE58651573E3A100BBFD7F /* SFObject.h */ = {isa = PBXFileReference; fileEncoding = 4; lastKnownFileType = sourcecode.c.h; path = SFObject.h; sourceTree = "<group>"; };
		5BAE58661573E3A100BBFD7F /* SFEvent.m */ = {isa = PBXFileReference; fileEncoding = 4; lastKnownFileType = sourcecode.c.objc; path = SFEvent.m; sourceTree = "<group>"; };
		5BAE58671573E3A100BBFD7F /* SFEvent.h */ = {isa = PBXFileReference; fileEncoding = 4; lastKnownFileType = sourcecode.c.h; path = SFEvent.h; sourceTree = "<group>"; };
		5BAE58681573E3A100BBFD7F /* SFComment.m */ = {isa = PBXFileReference; fileEncoding = 4; lastKnownFileType = sourcecode.c.objc; path = SFComment.m; sourceTree = "<group>"; };
		5BAE58691573E3A100BBFD7F /* SFComment.h */ = {isa = PBXFileReference; fileEncoding = 4; lastKnownFileType = sourcecode.c.h; path = SFComment.h; sourceTree = "<group>"; };
		5BAE58741573E3B700BBFD7F /* SFUtil.h */ = {isa = PBXFileReference; fileEncoding = 4; lastKnownFileType = sourcecode.c.h; path = SFUtil.h; sourceTree = "<group>"; };
		5BAE58751573E3B700BBFD7F /* SFTextDialog.m */ = {isa = PBXFileReference; fileEncoding = 4; lastKnownFileType = sourcecode.c.objc; path = SFTextDialog.m; sourceTree = "<group>"; };
		5BAE58761573E3B700BBFD7F /* SFTextDialog.h */ = {isa = PBXFileReference; fileEncoding = 4; lastKnownFileType = sourcecode.c.h; path = SFTextDialog.h; sourceTree = "<group>"; };
		5BDBF3DF14AB84A700EBB0E9 /* JSON.h */ = {isa = PBXFileReference; fileEncoding = 4; lastKnownFileType = sourcecode.c.h; path = JSON.h; sourceTree = "<group>"; };
		5BDBF3E014AB84A700EBB0E9 /* NSObject+SBJson.h */ = {isa = PBXFileReference; fileEncoding = 4; lastKnownFileType = sourcecode.c.h; path = "NSObject+SBJson.h"; sourceTree = "<group>"; };
		5BDBF3E114AB84A700EBB0E9 /* NSObject+SBJson.m */ = {isa = PBXFileReference; fileEncoding = 4; lastKnownFileType = sourcecode.c.objc; path = "NSObject+SBJson.m"; sourceTree = "<group>"; };
		5BDBF3E214AB84A700EBB0E9 /* SBJson.h */ = {isa = PBXFileReference; fileEncoding = 4; lastKnownFileType = sourcecode.c.h; path = SBJson.h; sourceTree = "<group>"; };
		5BDBF3E314AB84A700EBB0E9 /* SBJsonParser.h */ = {isa = PBXFileReference; fileEncoding = 4; lastKnownFileType = sourcecode.c.h; path = SBJsonParser.h; sourceTree = "<group>"; };
		5BDBF3E414AB84A700EBB0E9 /* SBJsonParser.m */ = {isa = PBXFileReference; fileEncoding = 4; lastKnownFileType = sourcecode.c.objc; path = SBJsonParser.m; sourceTree = "<group>"; };
		5BDBF3E514AB84A700EBB0E9 /* SBJsonStreamParser.h */ = {isa = PBXFileReference; fileEncoding = 4; lastKnownFileType = sourcecode.c.h; path = SBJsonStreamParser.h; sourceTree = "<group>"; };
		5BDBF3E614AB84A700EBB0E9 /* SBJsonStreamParser.m */ = {isa = PBXFileReference; fileEncoding = 4; lastKnownFileType = sourcecode.c.objc; path = SBJsonStreamParser.m; sourceTree = "<group>"; };
		5BDBF3E714AB84A700EBB0E9 /* SBJsonStreamParserAccumulator.h */ = {isa = PBXFileReference; fileEncoding = 4; lastKnownFileType = sourcecode.c.h; path = SBJsonStreamParserAccumulator.h; sourceTree = "<group>"; };
		5BDBF3E814AB84A700EBB0E9 /* SBJsonStreamParserAccumulator.m */ = {isa = PBXFileReference; fileEncoding = 4; lastKnownFileType = sourcecode.c.objc; path = SBJsonStreamParserAccumulator.m; sourceTree = "<group>"; };
		5BDBF3E914AB84A700EBB0E9 /* SBJsonStreamParserAdapter.h */ = {isa = PBXFileReference; fileEncoding = 4; lastKnownFileType = sourcecode.c.h; path = SBJsonStreamParserAdapter.h; sourceTree = "<group>"; };
		5BDBF3EA14AB84A700EBB0E9 /* SBJsonStreamParserAdapter.m */ = {isa = PBXFileReference; fileEncoding = 4; lastKnownFileType = sourcecode.c.objc; path = SBJsonStreamParserAdapter.m; sourceTree = "<group>"; };
		5BDBF3EB14AB84A700EBB0E9 /* SBJsonStreamParserState.h */ = {isa = PBXFileReference; fileEncoding = 4; lastKnownFileType = sourcecode.c.h; path = SBJsonStreamParserState.h; sourceTree = "<group>"; };
		5BDBF3EC14AB84A700EBB0E9 /* SBJsonStreamParserState.m */ = {isa = PBXFileReference; fileEncoding = 4; lastKnownFileType = sourcecode.c.objc; path = SBJsonStreamParserState.m; sourceTree = "<group>"; };
		5BDBF3ED14AB84A700EBB0E9 /* SBJsonStreamWriter.h */ = {isa = PBXFileReference; fileEncoding = 4; lastKnownFileType = sourcecode.c.h; path = SBJsonStreamWriter.h; sourceTree = "<group>"; };
		5BDBF3EE14AB84A700EBB0E9 /* SBJsonStreamWriter.m */ = {isa = PBXFileReference; fileEncoding = 4; lastKnownFileType = sourcecode.c.objc; path = SBJsonStreamWriter.m; sourceTree = "<group>"; };
		5BDBF3EF14AB84A700EBB0E9 /* SBJsonStreamWriterAccumulator.h */ = {isa = PBXFileReference; fileEncoding = 4; lastKnownFileType = sourcecode.c.h; path = SBJsonStreamWriterAccumulator.h; sourceTree = "<group>"; };
		5BDBF3F014AB84A700EBB0E9 /* SBJsonStreamWriterAccumulator.m */ = {isa = PBXFileReference; fileEncoding = 4; lastKnownFileType = sourcecode.c.objc; path = SBJsonStreamWriterAccumulator.m; sourceTree = "<group>"; };
		5BDBF3F114AB84A700EBB0E9 /* SBJsonStreamWriterState.h */ = {isa = PBXFileReference; fileEncoding = 4; lastKnownFileType = sourcecode.c.h; path = SBJsonStreamWriterState.h; sourceTree = "<group>"; };
		5BDBF3F214AB84A700EBB0E9 /* SBJsonStreamWriterState.m */ = {isa = PBXFileReference; fileEncoding = 4; lastKnownFileType = sourcecode.c.objc; path = SBJsonStreamWriterState.m; sourceTree = "<group>"; };
		5BDBF3F314AB84A700EBB0E9 /* SBJsonTokeniser.h */ = {isa = PBXFileReference; fileEncoding = 4; lastKnownFileType = sourcecode.c.h; path = SBJsonTokeniser.h; sourceTree = "<group>"; };
		5BDBF3F414AB84A700EBB0E9 /* SBJsonTokeniser.m */ = {isa = PBXFileReference; fileEncoding = 4; lastKnownFileType = sourcecode.c.objc; path = SBJsonTokeniser.m; sourceTree = "<group>"; };
		5BDBF3F514AB84A700EBB0E9 /* SBJsonUTF8Stream.h */ = {isa = PBXFileReference; fileEncoding = 4; lastKnownFileType = sourcecode.c.h; path = SBJsonUTF8Stream.h; sourceTree = "<group>"; };
		5BDBF3F614AB84A700EBB0E9 /* SBJsonUTF8Stream.m */ = {isa = PBXFileReference; fileEncoding = 4; lastKnownFileType = sourcecode.c.objc; path = SBJsonUTF8Stream.m; sourceTree = "<group>"; };
		5BDBF3F714AB84A700EBB0E9 /* SBJsonWriter.h */ = {isa = PBXFileReference; fileEncoding = 4; lastKnownFileType = sourcecode.c.h; path = SBJsonWriter.h; sourceTree = "<group>"; };
		5BDBF3F814AB84A700EBB0E9 /* SBJsonWriter.m */ = {isa = PBXFileReference; fileEncoding = 4; lastKnownFileType = sourcecode.c.objc; path = SBJsonWriter.m; sourceTree = "<group>"; };
		5BDBF4C314AB8A7A00EBB0E9 /* SFSimplePost.h */ = {isa = PBXFileReference; fileEncoding = 4; lastKnownFileType = sourcecode.c.h; path = SFSimplePost.h; sourceTree = "<group>"; };
		5BDBF4C414AB8A7A00EBB0E9 /* SFSimplePost.m */ = {isa = PBXFileReference; fileEncoding = 4; lastKnownFileType = sourcecode.c.objc; path = SFSimplePost.m; sourceTree = "<group>"; };
		5BDBF4C714AB8A7A00EBB0E9 /* SFFacebookRequest.h */ = {isa = PBXFileReference; fileEncoding = 4; lastKnownFileType = sourcecode.c.h; path = SFFacebookRequest.h; sourceTree = "<group>"; };
		5BDBF4C814AB8A7A00EBB0E9 /* SFFacebookRequest.m */ = {isa = PBXFileReference; fileEncoding = 4; lastKnownFileType = sourcecode.c.objc; path = SFFacebookRequest.m; sourceTree = "<group>"; };
		5BDBF4C914AB8A7A00EBB0E9 /* SFSocialFacebook.h */ = {isa = PBXFileReference; fileEncoding = 4; lastKnownFileType = sourcecode.c.h; path = SFSocialFacebook.h; sourceTree = "<group>"; };
		5BDBF4CA14AB8A7A00EBB0E9 /* SFSocialFacebook.m */ = {isa = PBXFileReference; fileEncoding = 4; lastKnownFileType = sourcecode.c.objc; path = SFSocialFacebook.m; sourceTree = "<group>"; };
		5BDBF4CB14AB8A7A00EBB0E9 /* SFURLRequest.h */ = {isa = PBXFileReference; fileEncoding = 4; lastKnownFileType = sourcecode.c.h; path = SFURLRequest.h; sourceTree = "<group>"; };
		5BDBF4CC14AB8A7A00EBB0E9 /* SFURLRequest.m */ = {isa = PBXFileReference; fileEncoding = 4; lastKnownFileType = sourcecode.c.objc; path = SFURLRequest.m; sourceTree = "<group>"; };
		AA747D9E0F9514B9006C5449 /* facebook_ios_sdk_Prefix.pch */ = {isa = PBXFileReference; fileEncoding = 4; lastKnownFileType = sourcecode.c.h; path = facebook_ios_sdk_Prefix.pch; sourceTree = SOURCE_ROOT; };
		AACBBE490F95108600F1A2B1 /* Foundation.framework */ = {isa = PBXFileReference; lastKnownFileType = wrapper.framework; name = Foundation.framework; path = System/Library/Frameworks/Foundation.framework; sourceTree = SDKROOT; };
		AE3FC32211F19C18001C05F3 /* FBDialog.bundle */ = {isa = PBXFileReference; lastKnownFileType = "wrapper.plug-in"; path = FBDialog.bundle; sourceTree = "<group>"; };
		AEA93B0111D5293B000A4545 /* FBConnect.h */ = {isa = PBXFileReference; fileEncoding = 4; lastKnownFileType = sourcecode.c.h; path = FBConnect.h; sourceTree = "<group>"; };
		AEA93B0211D5293B000A4545 /* FBRequest.h */ = {isa = PBXFileReference; fileEncoding = 4; lastKnownFileType = sourcecode.c.h; path = FBRequest.h; sourceTree = "<group>"; };
		AEA93B0311D5293B000A4545 /* FBRequest.m */ = {isa = PBXFileReference; fileEncoding = 4; lastKnownFileType = sourcecode.c.objc; path = FBRequest.m; sourceTree = "<group>"; };
		AEA93B0411D5293B000A4545 /* Facebook.m */ = {isa = PBXFileReference; fileEncoding = 4; lastKnownFileType = sourcecode.c.objc; path = Facebook.m; sourceTree = "<group>"; };
		AEA93B0511D5293B000A4545 /* Facebook.h */ = {isa = PBXFileReference; fileEncoding = 4; lastKnownFileType = sourcecode.c.h; path = Facebook.h; sourceTree = "<group>"; };
		AEA93B0611D5293B000A4545 /* FBLoginDialog.h */ = {isa = PBXFileReference; fileEncoding = 4; lastKnownFileType = sourcecode.c.h; path = FBLoginDialog.h; sourceTree = "<group>"; };
		AEA93B0711D5293B000A4545 /* FBLoginDialog.m */ = {isa = PBXFileReference; fileEncoding = 4; lastKnownFileType = sourcecode.c.objc; path = FBLoginDialog.m; sourceTree = "<group>"; };
		AEA93B0811D5293B000A4545 /* FBDialog.h */ = {isa = PBXFileReference; fileEncoding = 4; lastKnownFileType = sourcecode.c.h; path = FBDialog.h; sourceTree = "<group>"; };
		AEA93B0911D5293B000A4545 /* FBDialog.m */ = {isa = PBXFileReference; fileEncoding = 4; lastKnownFileType = sourcecode.c.objc; path = FBDialog.m; sourceTree = "<group>"; };
		D2AAC07E0554694100DB518D /* libfacebook_ios_sdk.a */ = {isa = PBXFileReference; explicitFileType = archive.ar; includeInIndex = 0; path = libfacebook_ios_sdk.a; sourceTree = BUILT_PRODUCTS_DIR; };
/* End PBXFileReference section */

/* Begin PBXFrameworksBuildPhase section */
		D2AAC07C0554694100DB518D /* Frameworks */ = {
			isa = PBXFrameworksBuildPhase;
			buildActionMask = 2147483647;
			files = (
				AACBBE4A0F95108600F1A2B1 /* Foundation.framework in Frameworks */,
			);
			runOnlyForDeploymentPostprocessing = 0;
		};
/* End PBXFrameworksBuildPhase section */

/* Begin PBXGroup section */
		034768DFFF38A50411DB9C8B /* Products */ = {
			isa = PBXGroup;
			children = (
				D2AAC07E0554694100DB518D /* libfacebook_ios_sdk.a */,
			);
			name = Products;
			sourceTree = "<group>";
		};
		0867D691FE84028FC02AAC07 /* facebook-ios-sdk */ = {
			isa = PBXGroup;
			children = (
				08FB77AEFE84172EC02AAC07 /* FBConnect */,
				5BDBF4BB14AB8A7A00EBB0E9 /* SFSocialFacebook */,
				32C88DFF0371C24200C91783 /* Other Sources */,
				0867D69AFE84028FC02AAC07 /* Frameworks */,
				034768DFFF38A50411DB9C8B /* Products */,
			);
			name = "facebook-ios-sdk";
			sourceTree = "<group>";
		};
		0867D69AFE84028FC02AAC07 /* Frameworks */ = {
			isa = PBXGroup;
			children = (
				AACBBE490F95108600F1A2B1 /* Foundation.framework */,
			);
			name = Frameworks;
			sourceTree = "<group>";
		};
		08FB77AEFE84172EC02AAC07 /* FBConnect */ = {
			isa = PBXGroup;
			children = (
				22297EAF14FC1412003CE798 /* FBFrictionlessRequestSettings.h */,
				22297EB014FC1412003CE798 /* FBFrictionlessRequestSettings.m */,
				AE3FC32211F19C18001C05F3 /* FBDialog.bundle */,
				5BDBF3DE14AB84A700EBB0E9 /* JSON */,
				AEA93B0111D5293B000A4545 /* FBConnect.h */,
				AEA93B0211D5293B000A4545 /* FBRequest.h */,
				AEA93B0311D5293B000A4545 /* FBRequest.m */,
				AEA93B0411D5293B000A4545 /* Facebook.m */,
				AEA93B0511D5293B000A4545 /* Facebook.h */,
				AEA93B0611D5293B000A4545 /* FBLoginDialog.h */,
				AEA93B0711D5293B000A4545 /* FBLoginDialog.m */,
				AEA93B0811D5293B000A4545 /* FBDialog.h */,
				AEA93B0911D5293B000A4545 /* FBDialog.m */,
			);
			name = FBConnect;
			sourceTree = "<group>";
		};
		32C88DFF0371C24200C91783 /* Other Sources */ = {
			isa = PBXGroup;
			children = (
				AA747D9E0F9514B9006C5449 /* facebook_ios_sdk_Prefix.pch */,
			);
			name = "Other Sources";
			sourceTree = "<group>";
		};
		5BDBF3DE14AB84A700EBB0E9 /* JSON */ = {
			isa = PBXGroup;
			children = (
				5BDBF3DF14AB84A700EBB0E9 /* JSON.h */,
				5BDBF3E014AB84A700EBB0E9 /* NSObject+SBJson.h */,
				5BDBF3E114AB84A700EBB0E9 /* NSObject+SBJson.m */,
				5BDBF3E214AB84A700EBB0E9 /* SBJson.h */,
				5BDBF3E314AB84A700EBB0E9 /* SBJsonParser.h */,
				5BDBF3E414AB84A700EBB0E9 /* SBJsonParser.m */,
				5BDBF3E514AB84A700EBB0E9 /* SBJsonStreamParser.h */,
				5BDBF3E614AB84A700EBB0E9 /* SBJsonStreamParser.m */,
				5BDBF3E714AB84A700EBB0E9 /* SBJsonStreamParserAccumulator.h */,
				5BDBF3E814AB84A700EBB0E9 /* SBJsonStreamParserAccumulator.m */,
				5BDBF3E914AB84A700EBB0E9 /* SBJsonStreamParserAdapter.h */,
				5BDBF3EA14AB84A700EBB0E9 /* SBJsonStreamParserAdapter.m */,
				5BDBF3EB14AB84A700EBB0E9 /* SBJsonStreamParserState.h */,
				5BDBF3EC14AB84A700EBB0E9 /* SBJsonStreamParserState.m */,
				5BDBF3ED14AB84A700EBB0E9 /* SBJsonStreamWriter.h */,
				5BDBF3EE14AB84A700EBB0E9 /* SBJsonStreamWriter.m */,
				5BDBF3EF14AB84A700EBB0E9 /* SBJsonStreamWriterAccumulator.h */,
				5BDBF3F014AB84A700EBB0E9 /* SBJsonStreamWriterAccumulator.m */,
				5BDBF3F114AB84A700EBB0E9 /* SBJsonStreamWriterState.h */,
				5BDBF3F214AB84A700EBB0E9 /* SBJsonStreamWriterState.m */,
				5BDBF3F314AB84A700EBB0E9 /* SBJsonTokeniser.h */,
				5BDBF3F414AB84A700EBB0E9 /* SBJsonTokeniser.m */,
				5BDBF3F514AB84A700EBB0E9 /* SBJsonUTF8Stream.h */,
				5BDBF3F614AB84A700EBB0E9 /* SBJsonUTF8Stream.m */,
				5BDBF3F714AB84A700EBB0E9 /* SBJsonWriter.h */,
				5BDBF3F814AB84A700EBB0E9 /* SBJsonWriter.m */,
			);
			name = JSON;
			path = ../SBJson/Classes;
			sourceTree = "<group>";
		};
		5BDBF4BB14AB8A7A00EBB0E9 /* SFSocialFacebook */ = {
			isa = PBXGroup;
			children = (
				5BAE58741573E3B700BBFD7F /* SFUtil.h */,
				5BAE58751573E3B700BBFD7F /* SFTextDialog.m */,
				5BAE58761573E3B700BBFD7F /* SFTextDialog.h */,
				5BDBF4BC14AB8A7A00EBB0E9 /* Models */,
				5BDBF4C714AB8A7A00EBB0E9 /* SFFacebookRequest.h */,
				5BDBF4C814AB8A7A00EBB0E9 /* SFFacebookRequest.m */,
				5BDBF4C914AB8A7A00EBB0E9 /* SFSocialFacebook.h */,
				5BDBF4CA14AB8A7A00EBB0E9 /* SFSocialFacebook.m */,
				5BDBF4CB14AB8A7A00EBB0E9 /* SFURLRequest.h */,
				5BDBF4CC14AB8A7A00EBB0E9 /* SFURLRequest.m */,
			);
			path = SFSocialFacebook;
			sourceTree = "<group>";
		};
		5BDBF4BC14AB8A7A00EBB0E9 /* Models */ = {
			isa = PBXGroup;
			children = (
				5BAE58601573E3A100BBFD7F /* SFSimpleUser.m */,
				5BAE58611573E3A100BBFD7F /* SFSimpleUser.h */,
				5BAE58621573E3A100BBFD7F /* SFSimpleApplication.m */,
				5BAE58631573E3A100BBFD7F /* SFSimpleApplication.h */,
				5BAE58641573E3A100BBFD7F /* SFObject.m */,
				5BAE58651573E3A100BBFD7F /* SFObject.h */,
				5BAE58661573E3A100BBFD7F /* SFEvent.m */,
				5BAE58671573E3A100BBFD7F /* SFEvent.h */,
				5BAE58681573E3A100BBFD7F /* SFComment.m */,
				5BAE58691573E3A100BBFD7F /* SFComment.h */,
				5BDBF4C314AB8A7A00EBB0E9 /* SFSimplePost.h */,
				5BDBF4C414AB8A7A00EBB0E9 /* SFSimplePost.m */,
			);
			path = Models;
			sourceTree = "<group>";
		};
/* End PBXGroup section */

/* Begin PBXHeadersBuildPhase section */
		D2AAC07A0554694100DB518D /* Headers */ = {
			isa = PBXHeadersBuildPhase;
			buildActionMask = 2147483647;
			files = (
				AA747D9F0F9514B9006C5449 /* facebook_ios_sdk_Prefix.pch in Headers */,
				AEA93B0A11D5293B000A4545 /* FBConnect.h in Headers */,
				AEA93B0B11D5293B000A4545 /* FBRequest.h in Headers */,
				AEA93B0E11D5293B000A4545 /* Facebook.h in Headers */,
				AEA93B0F11D5293B000A4545 /* FBLoginDialog.h in Headers */,
				AEA93B1111D5293B000A4545 /* FBDialog.h in Headers */,
				5BDBF3F914AB84A700EBB0E9 /* JSON.h in Headers */,
				5BDBF3FA14AB84A700EBB0E9 /* NSObject+SBJson.h in Headers */,
				5BDBF3FC14AB84A700EBB0E9 /* SBJson.h in Headers */,
				5BDBF3FD14AB84A700EBB0E9 /* SBJsonParser.h in Headers */,
				5BDBF3FF14AB84A700EBB0E9 /* SBJsonStreamParser.h in Headers */,
				5BDBF40114AB84A700EBB0E9 /* SBJsonStreamParserAccumulator.h in Headers */,
				5BDBF40314AB84A700EBB0E9 /* SBJsonStreamParserAdapter.h in Headers */,
				5BDBF40514AB84A700EBB0E9 /* SBJsonStreamParserState.h in Headers */,
				5BDBF40714AB84A700EBB0E9 /* SBJsonStreamWriter.h in Headers */,
				5BDBF40914AB84A700EBB0E9 /* SBJsonStreamWriterAccumulator.h in Headers */,
				5BDBF40B14AB84A700EBB0E9 /* SBJsonStreamWriterState.h in Headers */,
				5BDBF40D14AB84A700EBB0E9 /* SBJsonTokeniser.h in Headers */,
				5BDBF40F14AB84A700EBB0E9 /* SBJsonUTF8Stream.h in Headers */,
				5BDBF41114AB84A700EBB0E9 /* SBJsonWriter.h in Headers */,
				5BDBF4D314AB8A7A00EBB0E9 /* SFSimplePost.h in Headers */,
				5BDBF4D714AB8A7A00EBB0E9 /* SFFacebookRequest.h in Headers */,
				5BDBF4D914AB8A7A00EBB0E9 /* SFSocialFacebook.h in Headers */,
				5BDBF4DB14AB8A7A00EBB0E9 /* SFURLRequest.h in Headers */,
				22297EB114FC1413003CE798 /* FBFrictionlessRequestSettings.h in Headers */,
				5BAE586B1573E3A100BBFD7F /* SFSimpleUser.h in Headers */,
				5BAE586D1573E3A100BBFD7F /* SFSimpleApplication.h in Headers */,
				5BAE586F1573E3A100BBFD7F /* SFObject.h in Headers */,
				5BAE58711573E3A100BBFD7F /* SFEvent.h in Headers */,
				5BAE58731573E3A100BBFD7F /* SFComment.h in Headers */,
				5BAE58771573E3B700BBFD7F /* SFUtil.h in Headers */,
				5BAE58791573E3B700BBFD7F /* SFTextDialog.h in Headers */,
			);
			runOnlyForDeploymentPostprocessing = 0;
		};
/* End PBXHeadersBuildPhase section */

/* Begin PBXNativeTarget section */
		D2AAC07D0554694100DB518D /* facebook-ios-sdk */ = {
			isa = PBXNativeTarget;
			buildConfigurationList = 1DEB921E08733DC00010E9CD /* Build configuration list for PBXNativeTarget "facebook-ios-sdk" */;
			buildPhases = (
				D2AAC07A0554694100DB518D /* Headers */,
				D2AAC07B0554694100DB518D /* Sources */,
				D2AAC07C0554694100DB518D /* Frameworks */,
			);
			buildRules = (
			);
			dependencies = (
			);
			name = "facebook-ios-sdk";
			productName = "facebook-ios-sdk";
			productReference = D2AAC07E0554694100DB518D /* libfacebook_ios_sdk.a */;
			productType = "com.apple.product-type.library.static";
		};
/* End PBXNativeTarget section */

/* Begin PBXProject section */
		0867D690FE84028FC02AAC07 /* Project object */ = {
			isa = PBXProject;
			buildConfigurationList = 1DEB922208733DC00010E9CD /* Build configuration list for PBXProject "facebook-ios-sdk" */;
			compatibilityVersion = "Xcode 3.1";
			developmentRegion = English;
			hasScannedForEncodings = 1;
			knownRegions = (
				en,
			);
			mainGroup = 0867D691FE84028FC02AAC07 /* facebook-ios-sdk */;
			productRefGroup = 034768DFFF38A50411DB9C8B /* Products */;
			projectDirPath = "";
			projectRoot = "";
			targets = (
				D2AAC07D0554694100DB518D /* facebook-ios-sdk */,
			);
		};
/* End PBXProject section */

/* Begin PBXSourcesBuildPhase section */
		D2AAC07B0554694100DB518D /* Sources */ = {
			isa = PBXSourcesBuildPhase;
			buildActionMask = 2147483647;
			files = (
				AEA93B0C11D5293B000A4545 /* FBRequest.m in Sources */,
				AEA93B0D11D5293B000A4545 /* Facebook.m in Sources */,
				AEA93B1011D5293B000A4545 /* FBLoginDialog.m in Sources */,
				AEA93B1211D5293B000A4545 /* FBDialog.m in Sources */,
				5BDBF3FB14AB84A700EBB0E9 /* NSObject+SBJson.m in Sources */,
				5BDBF3FE14AB84A700EBB0E9 /* SBJsonParser.m in Sources */,
				5BDBF40014AB84A700EBB0E9 /* SBJsonStreamParser.m in Sources */,
				5BDBF40214AB84A700EBB0E9 /* SBJsonStreamParserAccumulator.m in Sources */,
				5BDBF40414AB84A700EBB0E9 /* SBJsonStreamParserAdapter.m in Sources */,
				5BDBF40614AB84A700EBB0E9 /* SBJsonStreamParserState.m in Sources */,
				5BDBF40814AB84A700EBB0E9 /* SBJsonStreamWriter.m in Sources */,
				5BDBF40A14AB84A700EBB0E9 /* SBJsonStreamWriterAccumulator.m in Sources */,
				5BDBF40C14AB84A700EBB0E9 /* SBJsonStreamWriterState.m in Sources */,
				5BDBF40E14AB84A700EBB0E9 /* SBJsonTokeniser.m in Sources */,
				5BDBF41014AB84A700EBB0E9 /* SBJsonUTF8Stream.m in Sources */,
				5BDBF41214AB84A700EBB0E9 /* SBJsonWriter.m in Sources */,
				5BDBF4D414AB8A7A00EBB0E9 /* SFSimplePost.m in Sources */,
				5BDBF4D814AB8A7A00EBB0E9 /* SFFacebookRequest.m in Sources */,
				5BDBF4DA14AB8A7A00EBB0E9 /* SFSocialFacebook.m in Sources */,
				5BDBF4DC14AB8A7A00EBB0E9 /* SFURLRequest.m in Sources */,
				22297EB214FC1413003CE798 /* FBFrictionlessRequestSettings.m in Sources */,
				5BAE586A1573E3A100BBFD7F /* SFSimpleUser.m in Sources */,
				5BAE586C1573E3A100BBFD7F /* SFSimpleApplication.m in Sources */,
				5BAE586E1573E3A100BBFD7F /* SFObject.m in Sources */,
				5BAE58701573E3A100BBFD7F /* SFEvent.m in Sources */,
				5BAE58721573E3A100BBFD7F /* SFComment.m in Sources */,
				5BAE58781573E3B700BBFD7F /* SFTextDialog.m in Sources */,
			);
			runOnlyForDeploymentPostprocessing = 0;
		};
/* End PBXSourcesBuildPhase section */

/* Begin XCBuildConfiguration section */
		1DEB921F08733DC00010E9CD /* Debug */ = {
			isa = XCBuildConfiguration;
			buildSettings = {
				ALWAYS_SEARCH_USER_PATHS = NO;
				ARCHS = (
					"$(ARCHS_STANDARD_32_BIT)",
					armv6,
				);
				COPY_PHASE_STRIP = NO;
				DSTROOT = /tmp/facebook_ios_sdk.dst;
				GCC_DYNAMIC_NO_PIC = NO;
				GCC_ENABLE_FIX_AND_CONTINUE = YES;
				GCC_MODEL_TUNING = G5;
				GCC_OPTIMIZATION_LEVEL = 0;
				GCC_PRECOMPILE_PREFIX_HEADER = YES;
				GCC_PREFIX_HEADER = facebook_ios_sdk_Prefix.pch;
				INSTALL_PATH = /usr/local/lib;
				PRODUCT_NAME = facebook_ios_sdk;
			};
			name = Debug;
		};
		1DEB922008733DC00010E9CD /* Release */ = {
			isa = XCBuildConfiguration;
			buildSettings = {
				ALWAYS_SEARCH_USER_PATHS = NO;
				ARCHS = (
					"$(ARCHS_STANDARD_32_BIT)",
					armv6,
				);
				DSTROOT = /tmp/facebook_ios_sdk.dst;
				GCC_MODEL_TUNING = G5;
				GCC_PRECOMPILE_PREFIX_HEADER = YES;
				GCC_PREFIX_HEADER = facebook_ios_sdk_Prefix.pch;
				INSTALL_PATH = /usr/local/lib;
				PRODUCT_NAME = facebook_ios_sdk;
			};
			name = Release;
		};
		1DEB922308733DC00010E9CD /* Debug */ = {
			isa = XCBuildConfiguration;
			buildSettings = {
				ARCHS = "$(ARCHS_STANDARD_32_BIT)";
				GCC_C_LANGUAGE_STANDARD = c99;
				GCC_OPTIMIZATION_LEVEL = 0;
				GCC_WARN_ABOUT_RETURN_TYPE = YES;
				GCC_WARN_UNUSED_VARIABLE = YES;
				IPHONEOS_DEPLOYMENT_TARGET = 3.0;
				OTHER_LDFLAGS = "-ObjC";
				PREBINDING = NO;
				SDKROOT = iphoneos3.2;
			};
			name = Debug;
		};
		1DEB922408733DC00010E9CD /* Release */ = {
			isa = XCBuildConfiguration;
			buildSettings = {
				ARCHS = "$(ARCHS_STANDARD_32_BIT)";
				GCC_C_LANGUAGE_STANDARD = c99;
				GCC_WARN_ABOUT_RETURN_TYPE = YES;
				GCC_WARN_UNUSED_VARIABLE = YES;
				IPHONEOS_DEPLOYMENT_TARGET = 3.0;
				OTHER_LDFLAGS = "-ObjC";
				PREBINDING = NO;
				SDKROOT = iphoneos3.2;
			};
			name = Release;
		};
/* End XCBuildConfiguration section */

/* Begin XCConfigurationList section */
		1DEB921E08733DC00010E9CD /* Build configuration list for PBXNativeTarget "facebook-ios-sdk" */ = {
			isa = XCConfigurationList;
			buildConfigurations = (
				1DEB921F08733DC00010E9CD /* Debug */,
				1DEB922008733DC00010E9CD /* Release */,
			);
			defaultConfigurationIsVisible = 0;
			defaultConfigurationName = Release;
		};
		1DEB922208733DC00010E9CD /* Build configuration list for PBXProject "facebook-ios-sdk" */ = {
			isa = XCConfigurationList;
			buildConfigurations = (
				1DEB922308733DC00010E9CD /* Debug */,
				1DEB922408733DC00010E9CD /* Release */,
			);
			defaultConfigurationIsVisible = 0;
			defaultConfigurationName = Release;
		};
/* End XCConfigurationList section */
	};
	rootObject = 0867D690FE84028FC02AAC07 /* Project object */;
}
