// !$*UTF8*$!
{
	archiveVersion = 1;
	classes = {
	};
	objectVersion = 46;
	objects = {

/* Begin PBXBuildFile section */
		5B358BDA14FBBEA100EBA676 /* FBFrictionlessRequestSettings.m in Sources */ = {isa = PBXBuildFile; fileRef = 5B358BD914FBBEA100EBA676 /* FBFrictionlessRequestSettings.m */; };
		5B4144F414C45D3B00509C93 /* ObjectPickerController.m in Sources */ = {isa = PBXBuildFile; fileRef = 5B4144F314C45D3B00509C93 /* ObjectPickerController.m */; };
		5B4144F714C4949C00509C93 /* SFObject.m in Sources */ = {isa = PBXBuildFile; fileRef = 5B4144F614C4949B00509C93 /* SFObject.m */; };
		5B515E7314B5C75B002406D6 /* APICallViewController.m in Sources */ = {isa = PBXBuildFile; fileRef = 5B515E7214B5C75B002406D6 /* APICallViewController.m */; };
		5B515E9414B5E3C3002406D6 /* Menus.m in Sources */ = {isa = PBXBuildFile; fileRef = 5B515E9314B5E3C3002406D6 /* Menus.m */; };
		5B515EFE14BCA5C7002406D6 /* SFSimpleUser.m in Sources */ = {isa = PBXBuildFile; fileRef = 5B515EFD14BCA5C6002406D6 /* SFSimpleUser.m */; };
		5B524CC414CD90C400FDDBC3 /* SFComment.m in Sources */ = {isa = PBXBuildFile; fileRef = 5B524CC314CD90C300FDDBC3 /* SFComment.m */; };
		5B79C96F14D6FF6D00C3D22A /* SFTextDialog.m in Sources */ = {isa = PBXBuildFile; fileRef = 5B79C96E14D6FF6D00C3D22A /* SFTextDialog.m */; };
		5B79C98514D825F900C3D22A /* SFSimpleApplication.m in Sources */ = {isa = PBXBuildFile; fileRef = 5B79C98414D825F900C3D22A /* SFSimpleApplication.m */; };
		5B9894F014B36E92005B6B4B /* UIKit.framework in Frameworks */ = {isa = PBXBuildFile; fileRef = 5B9894EF14B36E92005B6B4B /* UIKit.framework */; };
		5B9894F214B36E92005B6B4B /* Foundation.framework in Frameworks */ = {isa = PBXBuildFile; fileRef = 5B9894F114B36E92005B6B4B /* Foundation.framework */; };
		5B9894F414B36E92005B6B4B /* CoreGraphics.framework in Frameworks */ = {isa = PBXBuildFile; fileRef = 5B9894F314B36E92005B6B4B /* CoreGraphics.framework */; };
		5B9894FA14B36E92005B6B4B /* InfoPlist.strings in Resources */ = {isa = PBXBuildFile; fileRef = 5B9894F814B36E92005B6B4B /* InfoPlist.strings */; };
		5B9894FC14B36E92005B6B4B /* main.m in Sources */ = {isa = PBXBuildFile; fileRef = 5B9894FB14B36E92005B6B4B /* main.m */; };
		5B98950014B36E92005B6B4B /* AppDelegate.m in Sources */ = {isa = PBXBuildFile; fileRef = 5B9894FF14B36E92005B6B4B /* AppDelegate.m */; };
		5B98954514B36EDE005B6B4B /* Facebook.m in Sources */ = {isa = PBXBuildFile; fileRef = 5B98950B14B36EDE005B6B4B /* Facebook.m */; };
		5B98954614B36EDE005B6B4B /* FBDialog.bundle in Resources */ = {isa = PBXBuildFile; fileRef = 5B98950E14B36EDE005B6B4B /* FBDialog.bundle */; };
		5B98954714B36EDE005B6B4B /* FBDialog.m in Sources */ = {isa = PBXBuildFile; fileRef = 5B98951014B36EDE005B6B4B /* FBDialog.m */; };
		5B98954814B36EDE005B6B4B /* FBLoginDialog.m in Sources */ = {isa = PBXBuildFile; fileRef = 5B98951214B36EDE005B6B4B /* FBLoginDialog.m */; };
		5B98954914B36EDE005B6B4B /* FBRequest.m in Sources */ = {isa = PBXBuildFile; fileRef = 5B98951414B36EDE005B6B4B /* FBRequest.m */; };
		5B98954A14B36EDE005B6B4B /* NSObject+SBJson.m in Sources */ = {isa = PBXBuildFile; fileRef = 5B98951814B36EDE005B6B4B /* NSObject+SBJson.m */; };
		5B98954B14B36EDE005B6B4B /* SBJsonParser.m in Sources */ = {isa = PBXBuildFile; fileRef = 5B98951B14B36EDE005B6B4B /* SBJsonParser.m */; };
		5B98954C14B36EDE005B6B4B /* SBJsonStreamParser.m in Sources */ = {isa = PBXBuildFile; fileRef = 5B98951D14B36EDE005B6B4B /* SBJsonStreamParser.m */; };
		5B98954D14B36EDE005B6B4B /* SBJsonStreamParserAccumulator.m in Sources */ = {isa = PBXBuildFile; fileRef = 5B98951F14B36EDE005B6B4B /* SBJsonStreamParserAccumulator.m */; };
		5B98954E14B36EDE005B6B4B /* SBJsonStreamParserAdapter.m in Sources */ = {isa = PBXBuildFile; fileRef = 5B98952114B36EDE005B6B4B /* SBJsonStreamParserAdapter.m */; };
		5B98954F14B36EDE005B6B4B /* SBJsonStreamParserState.m in Sources */ = {isa = PBXBuildFile; fileRef = 5B98952314B36EDE005B6B4B /* SBJsonStreamParserState.m */; };
		5B98955014B36EDE005B6B4B /* SBJsonStreamWriter.m in Sources */ = {isa = PBXBuildFile; fileRef = 5B98952514B36EDE005B6B4B /* SBJsonStreamWriter.m */; };
		5B98955114B36EDE005B6B4B /* SBJsonStreamWriterAccumulator.m in Sources */ = {isa = PBXBuildFile; fileRef = 5B98952714B36EDE005B6B4B /* SBJsonStreamWriterAccumulator.m */; };
		5B98955214B36EDE005B6B4B /* SBJsonStreamWriterState.m in Sources */ = {isa = PBXBuildFile; fileRef = 5B98952914B36EDE005B6B4B /* SBJsonStreamWriterState.m */; };
		5B98955314B36EDE005B6B4B /* SBJsonTokeniser.m in Sources */ = {isa = PBXBuildFile; fileRef = 5B98952B14B36EDE005B6B4B /* SBJsonTokeniser.m */; };
		5B98955414B36EDE005B6B4B /* SBJsonUTF8Stream.m in Sources */ = {isa = PBXBuildFile; fileRef = 5B98952D14B36EDE005B6B4B /* SBJsonUTF8Stream.m */; };
		5B98955514B36EDE005B6B4B /* SBJsonWriter.m in Sources */ = {isa = PBXBuildFile; fileRef = 5B98952F14B36EDE005B6B4B /* SBJsonWriter.m */; };
		5B98955714B36EDE005B6B4B /* SFEvent.m in Sources */ = {isa = PBXBuildFile; fileRef = 5B98953514B36EDE005B6B4B /* SFEvent.m */; };
		5B98955914B36EDE005B6B4B /* SFSimplePost.m in Sources */ = {isa = PBXBuildFile; fileRef = 5B98953914B36EDE005B6B4B /* SFSimplePost.m */; };
		5B98955B14B36EDE005B6B4B /* SFFacebookRequest.m in Sources */ = {isa = PBXBuildFile; fileRef = 5B98953D14B36EDE005B6B4B /* SFFacebookRequest.m */; };
		5B98955C14B36EDE005B6B4B /* SFSocialFacebook.m in Sources */ = {isa = PBXBuildFile; fileRef = 5B98953F14B36EDE005B6B4B /* SFSocialFacebook.m */; };
		5B98955D14B36EDE005B6B4B /* SFURLRequest.m in Sources */ = {isa = PBXBuildFile; fileRef = 5B98954114B36EDE005B6B4B /* SFURLRequest.m */; };
		5B98956714B37010005B6B4B /* TimelineViewController.m in Sources */ = {isa = PBXBuildFile; fileRef = 5B98956514B37010005B6B4B /* TimelineViewController.m */; };
/* End PBXBuildFile section */

/* Begin PBXFileReference section */
		5B358BD814FBBEA100EBA676 /* FBFrictionlessRequestSettings.h */ = {isa = PBXFileReference; fileEncoding = 4; lastKnownFileType = sourcecode.c.h; path = FBFrictionlessRequestSettings.h; sourceTree = "<group>"; };
		5B358BD914FBBEA100EBA676 /* FBFrictionlessRequestSettings.m */ = {isa = PBXFileReference; fileEncoding = 4; lastKnownFileType = sourcecode.c.objc; path = FBFrictionlessRequestSettings.m; sourceTree = "<group>"; };
		5B4144F214C45D3B00509C93 /* ObjectPickerController.h */ = {isa = PBXFileReference; fileEncoding = 4; lastKnownFileType = sourcecode.c.h; lineEnding = 0; path = ObjectPickerController.h; sourceTree = "<group>"; xcLanguageSpecificationIdentifier = xcode.lang.objcpp; };
		5B4144F314C45D3B00509C93 /* ObjectPickerController.m */ = {isa = PBXFileReference; fileEncoding = 4; lastKnownFileType = sourcecode.c.objc; lineEnding = 0; path = ObjectPickerController.m; sourceTree = "<group>"; xcLanguageSpecificationIdentifier = xcode.lang.objc; };
		5B4144F514C4949B00509C93 /* SFObject.h */ = {isa = PBXFileReference; fileEncoding = 4; lastKnownFileType = sourcecode.c.h; lineEnding = 0; path = SFObject.h; sourceTree = "<group>"; xcLanguageSpecificationIdentifier = xcode.lang.objcpp; };
		5B4144F614C4949B00509C93 /* SFObject.m */ = {isa = PBXFileReference; fileEncoding = 4; lastKnownFileType = sourcecode.c.objc; lineEnding = 0; path = SFObject.m; sourceTree = "<group>"; xcLanguageSpecificationIdentifier = xcode.lang.objc; };
		5B515E7114B5C75B002406D6 /* APICallViewController.h */ = {isa = PBXFileReference; fileEncoding = 4; lastKnownFileType = sourcecode.c.h; lineEnding = 0; path = APICallViewController.h; sourceTree = "<group>"; xcLanguageSpecificationIdentifier = xcode.lang.objcpp; };
		5B515E7214B5C75B002406D6 /* APICallViewController.m */ = {isa = PBXFileReference; fileEncoding = 4; lastKnownFileType = sourcecode.c.objc; lineEnding = 0; path = APICallViewController.m; sourceTree = "<group>"; xcLanguageSpecificationIdentifier = xcode.lang.objc; };
		5B515E9214B5E3C3002406D6 /* Menus.h */ = {isa = PBXFileReference; fileEncoding = 4; lastKnownFileType = sourcecode.c.h; lineEnding = 0; path = Menus.h; sourceTree = "<group>"; xcLanguageSpecificationIdentifier = xcode.lang.objcpp; };
		5B515E9314B5E3C3002406D6 /* Menus.m */ = {isa = PBXFileReference; fileEncoding = 4; lastKnownFileType = sourcecode.c.objc; lineEnding = 0; path = Menus.m; sourceTree = "<group>"; xcLanguageSpecificationIdentifier = xcode.lang.objc; };
		5B515EB514B72006002406D6 /* SFUtil.h */ = {isa = PBXFileReference; fileEncoding = 4; lastKnownFileType = sourcecode.c.h; lineEnding = 0; path = SFUtil.h; sourceTree = "<group>"; xcLanguageSpecificationIdentifier = xcode.lang.objcpp; };
		5B515EFC14BCA5C6002406D6 /* SFSimpleUser.h */ = {isa = PBXFileReference; fileEncoding = 4; lastKnownFileType = sourcecode.c.h; lineEnding = 0; path = SFSimpleUser.h; sourceTree = "<group>"; xcLanguageSpecificationIdentifier = xcode.lang.objcpp; };
		5B515EFD14BCA5C6002406D6 /* SFSimpleUser.m */ = {isa = PBXFileReference; fileEncoding = 4; lastKnownFileType = sourcecode.c.objc; lineEnding = 0; path = SFSimpleUser.m; sourceTree = "<group>"; xcLanguageSpecificationIdentifier = xcode.lang.objc; };
		5B524CC214CD90C300FDDBC3 /* SFComment.h */ = {isa = PBXFileReference; fileEncoding = 4; lastKnownFileType = sourcecode.c.h; path = SFComment.h; sourceTree = "<group>"; };
		5B524CC314CD90C300FDDBC3 /* SFComment.m */ = {isa = PBXFileReference; fileEncoding = 4; lastKnownFileType = sourcecode.c.objc; path = SFComment.m; sourceTree = "<group>"; };
		5B79C96D14D6FF6D00C3D22A /* SFTextDialog.h */ = {isa = PBXFileReference; fileEncoding = 4; lastKnownFileType = sourcecode.c.h; path = SFTextDialog.h; sourceTree = "<group>"; };
		5B79C96E14D6FF6D00C3D22A /* SFTextDialog.m */ = {isa = PBXFileReference; fileEncoding = 4; lastKnownFileType = sourcecode.c.objc; path = SFTextDialog.m; sourceTree = "<group>"; };
		5B79C98314D825F900C3D22A /* SFSimpleApplication.h */ = {isa = PBXFileReference; fileEncoding = 4; lastKnownFileType = sourcecode.c.h; path = SFSimpleApplication.h; sourceTree = "<group>"; };
		5B79C98414D825F900C3D22A /* SFSimpleApplication.m */ = {isa = PBXFileReference; fileEncoding = 4; lastKnownFileType = sourcecode.c.objc; path = SFSimpleApplication.m; sourceTree = "<group>"; };
		5B9894EB14B36E92005B6B4B /* SFSocialFacebookExample.app */ = {isa = PBXFileReference; explicitFileType = wrapper.application; includeInIndex = 0; path = SFSocialFacebookExample.app; sourceTree = BUILT_PRODUCTS_DIR; };
		5B9894EF14B36E92005B6B4B /* UIKit.framework */ = {isa = PBXFileReference; lastKnownFileType = wrapper.framework; name = UIKit.framework; path = System/Library/Frameworks/UIKit.framework; sourceTree = SDKROOT; };
		5B9894F114B36E92005B6B4B /* Foundation.framework */ = {isa = PBXFileReference; lastKnownFileType = wrapper.framework; name = Foundation.framework; path = System/Library/Frameworks/Foundation.framework; sourceTree = SDKROOT; };
		5B9894F314B36E92005B6B4B /* CoreGraphics.framework */ = {isa = PBXFileReference; lastKnownFileType = wrapper.framework; name = CoreGraphics.framework; path = System/Library/Frameworks/CoreGraphics.framework; sourceTree = SDKROOT; };
		5B9894F714B36E92005B6B4B /* SFSocialFacebookExample-Info.plist */ = {isa = PBXFileReference; lastKnownFileType = text.plist.xml; path = "SFSocialFacebookExample-Info.plist"; sourceTree = "<group>"; };
		5B9894F914B36E92005B6B4B /* en */ = {isa = PBXFileReference; lastKnownFileType = text.plist.strings; name = en; path = en.lproj/InfoPlist.strings; sourceTree = "<group>"; };
		5B9894FB14B36E92005B6B4B /* main.m */ = {isa = PBXFileReference; lastKnownFileType = sourcecode.c.objc; lineEnding = 0; path = main.m; sourceTree = "<group>"; xcLanguageSpecificationIdentifier = xcode.lang.objc; };
		5B9894FD14B36E92005B6B4B /* SFSocialFacebookExample-Prefix.pch */ = {isa = PBXFileReference; lastKnownFileType = sourcecode.c.h; path = "SFSocialFacebookExample-Prefix.pch"; sourceTree = "<group>"; };
		5B9894FE14B36E92005B6B4B /* AppDelegate.h */ = {isa = PBXFileReference; lastKnownFileType = sourcecode.c.h; lineEnding = 0; path = AppDelegate.h; sourceTree = "<group>"; xcLanguageSpecificationIdentifier = xcode.lang.objcpp; };
		5B9894FF14B36E92005B6B4B /* AppDelegate.m */ = {isa = PBXFileReference; lastKnownFileType = sourcecode.c.objc; lineEnding = 0; path = AppDelegate.m; sourceTree = "<group>"; xcLanguageSpecificationIdentifier = xcode.lang.objc; };
		5B98950A14B36EDE005B6B4B /* Facebook.h */ = {isa = PBXFileReference; fileEncoding = 4; lastKnownFileType = sourcecode.c.h; path = Facebook.h; sourceTree = "<group>"; };
		5B98950B14B36EDE005B6B4B /* Facebook.m */ = {isa = PBXFileReference; fileEncoding = 4; lastKnownFileType = sourcecode.c.objc; path = Facebook.m; sourceTree = "<group>"; };
		5B98950D14B36EDE005B6B4B /* FBConnect.h */ = {isa = PBXFileReference; fileEncoding = 4; lastKnownFileType = sourcecode.c.h; path = FBConnect.h; sourceTree = "<group>"; };
		5B98950E14B36EDE005B6B4B /* FBDialog.bundle */ = {isa = PBXFileReference; lastKnownFileType = "wrapper.plug-in"; path = FBDialog.bundle; sourceTree = "<group>"; };
		5B98950F14B36EDE005B6B4B /* FBDialog.h */ = {isa = PBXFileReference; fileEncoding = 4; lastKnownFileType = sourcecode.c.h; path = FBDialog.h; sourceTree = "<group>"; };
		5B98951014B36EDE005B6B4B /* FBDialog.m */ = {isa = PBXFileReference; fileEncoding = 4; lastKnownFileType = sourcecode.c.objc; path = FBDialog.m; sourceTree = "<group>"; };
		5B98951114B36EDE005B6B4B /* FBLoginDialog.h */ = {isa = PBXFileReference; fileEncoding = 4; lastKnownFileType = sourcecode.c.h; path = FBLoginDialog.h; sourceTree = "<group>"; };
		5B98951214B36EDE005B6B4B /* FBLoginDialog.m */ = {isa = PBXFileReference; fileEncoding = 4; lastKnownFileType = sourcecode.c.objc; path = FBLoginDialog.m; sourceTree = "<group>"; };
		5B98951314B36EDE005B6B4B /* FBRequest.h */ = {isa = PBXFileReference; fileEncoding = 4; lastKnownFileType = sourcecode.c.h; path = FBRequest.h; sourceTree = "<group>"; };
		5B98951414B36EDE005B6B4B /* FBRequest.m */ = {isa = PBXFileReference; fileEncoding = 4; lastKnownFileType = sourcecode.c.objc; path = FBRequest.m; sourceTree = "<group>"; };
		5B98951614B36EDE005B6B4B /* JSON.h */ = {isa = PBXFileReference; fileEncoding = 4; lastKnownFileType = sourcecode.c.h; path = JSON.h; sourceTree = "<group>"; };
		5B98951714B36EDE005B6B4B /* NSObject+SBJson.h */ = {isa = PBXFileReference; fileEncoding = 4; lastKnownFileType = sourcecode.c.h; path = "NSObject+SBJson.h"; sourceTree = "<group>"; };
		5B98951814B36EDE005B6B4B /* NSObject+SBJson.m */ = {isa = PBXFileReference; fileEncoding = 4; lastKnownFileType = sourcecode.c.objc; path = "NSObject+SBJson.m"; sourceTree = "<group>"; };
		5B98951914B36EDE005B6B4B /* SBJson.h */ = {isa = PBXFileReference; fileEncoding = 4; lastKnownFileType = sourcecode.c.h; path = SBJson.h; sourceTree = "<group>"; };
		5B98951A14B36EDE005B6B4B /* SBJsonParser.h */ = {isa = PBXFileReference; fileEncoding = 4; lastKnownFileType = sourcecode.c.h; path = SBJsonParser.h; sourceTree = "<group>"; };
		5B98951B14B36EDE005B6B4B /* SBJsonParser.m */ = {isa = PBXFileReference; fileEncoding = 4; lastKnownFileType = sourcecode.c.objc; path = SBJsonParser.m; sourceTree = "<group>"; };
		5B98951C14B36EDE005B6B4B /* SBJsonStreamParser.h */ = {isa = PBXFileReference; fileEncoding = 4; lastKnownFileType = sourcecode.c.h; path = SBJsonStreamParser.h; sourceTree = "<group>"; };
		5B98951D14B36EDE005B6B4B /* SBJsonStreamParser.m */ = {isa = PBXFileReference; fileEncoding = 4; lastKnownFileType = sourcecode.c.objc; path = SBJsonStreamParser.m; sourceTree = "<group>"; };
		5B98951E14B36EDE005B6B4B /* SBJsonStreamParserAccumulator.h */ = {isa = PBXFileReference; fileEncoding = 4; lastKnownFileType = sourcecode.c.h; path = SBJsonStreamParserAccumulator.h; sourceTree = "<group>"; };
		5B98951F14B36EDE005B6B4B /* SBJsonStreamParserAccumulator.m */ = {isa = PBXFileReference; fileEncoding = 4; lastKnownFileType = sourcecode.c.objc; path = SBJsonStreamParserAccumulator.m; sourceTree = "<group>"; };
		5B98952014B36EDE005B6B4B /* SBJsonStreamParserAdapter.h */ = {isa = PBXFileReference; fileEncoding = 4; lastKnownFileType = sourcecode.c.h; path = SBJsonStreamParserAdapter.h; sourceTree = "<group>"; };
		5B98952114B36EDE005B6B4B /* SBJsonStreamParserAdapter.m */ = {isa = PBXFileReference; fileEncoding = 4; lastKnownFileType = sourcecode.c.objc; path = SBJsonStreamParserAdapter.m; sourceTree = "<group>"; };
		5B98952214B36EDE005B6B4B /* SBJsonStreamParserState.h */ = {isa = PBXFileReference; fileEncoding = 4; lastKnownFileType = sourcecode.c.h; path = SBJsonStreamParserState.h; sourceTree = "<group>"; };
		5B98952314B36EDE005B6B4B /* SBJsonStreamParserState.m */ = {isa = PBXFileReference; fileEncoding = 4; lastKnownFileType = sourcecode.c.objc; path = SBJsonStreamParserState.m; sourceTree = "<group>"; };
		5B98952414B36EDE005B6B4B /* SBJsonStreamWriter.h */ = {isa = PBXFileReference; fileEncoding = 4; lastKnownFileType = sourcecode.c.h; path = SBJsonStreamWriter.h; sourceTree = "<group>"; };
		5B98952514B36EDE005B6B4B /* SBJsonStreamWriter.m */ = {isa = PBXFileReference; fileEncoding = 4; lastKnownFileType = sourcecode.c.objc; path = SBJsonStreamWriter.m; sourceTree = "<group>"; };
		5B98952614B36EDE005B6B4B /* SBJsonStreamWriterAccumulator.h */ = {isa = PBXFileReference; fileEncoding = 4; lastKnownFileType = sourcecode.c.h; path = SBJsonStreamWriterAccumulator.h; sourceTree = "<group>"; };
		5B98952714B36EDE005B6B4B /* SBJsonStreamWriterAccumulator.m */ = {isa = PBXFileReference; fileEncoding = 4; lastKnownFileType = sourcecode.c.objc; path = SBJsonStreamWriterAccumulator.m; sourceTree = "<group>"; };
		5B98952814B36EDE005B6B4B /* SBJsonStreamWriterState.h */ = {isa = PBXFileReference; fileEncoding = 4; lastKnownFileType = sourcecode.c.h; path = SBJsonStreamWriterState.h; sourceTree = "<group>"; };
		5B98952914B36EDE005B6B4B /* SBJsonStreamWriterState.m */ = {isa = PBXFileReference; fileEncoding = 4; lastKnownFileType = sourcecode.c.objc; path = SBJsonStreamWriterState.m; sourceTree = "<group>"; };
		5B98952A14B36EDE005B6B4B /* SBJsonTokeniser.h */ = {isa = PBXFileReference; fileEncoding = 4; lastKnownFileType = sourcecode.c.h; path = SBJsonTokeniser.h; sourceTree = "<group>"; };
		5B98952B14B36EDE005B6B4B /* SBJsonTokeniser.m */ = {isa = PBXFileReference; fileEncoding = 4; lastKnownFileType = sourcecode.c.objc; path = SBJsonTokeniser.m; sourceTree = "<group>"; };
		5B98952C14B36EDE005B6B4B /* SBJsonUTF8Stream.h */ = {isa = PBXFileReference; fileEncoding = 4; lastKnownFileType = sourcecode.c.h; path = SBJsonUTF8Stream.h; sourceTree = "<group>"; };
		5B98952D14B36EDE005B6B4B /* SBJsonUTF8Stream.m */ = {isa = PBXFileReference; fileEncoding = 4; lastKnownFileType = sourcecode.c.objc; path = SBJsonUTF8Stream.m; sourceTree = "<group>"; };
		5B98952E14B36EDE005B6B4B /* SBJsonWriter.h */ = {isa = PBXFileReference; fileEncoding = 4; lastKnownFileType = sourcecode.c.h; path = SBJsonWriter.h; sourceTree = "<group>"; };
		5B98952F14B36EDE005B6B4B /* SBJsonWriter.m */ = {isa = PBXFileReference; fileEncoding = 4; lastKnownFileType = sourcecode.c.objc; path = SBJsonWriter.m; sourceTree = "<group>"; };
		5B98953414B36EDE005B6B4B /* SFEvent.h */ = {isa = PBXFileReference; fileEncoding = 4; lastKnownFileType = sourcecode.c.h; lineEnding = 0; path = SFEvent.h; sourceTree = "<group>"; xcLanguageSpecificationIdentifier = xcode.lang.objcpp; };
		5B98953514B36EDE005B6B4B /* SFEvent.m */ = {isa = PBXFileReference; fileEncoding = 4; lastKnownFileType = sourcecode.c.objc; lineEnding = 0; path = SFEvent.m; sourceTree = "<group>"; xcLanguageSpecificationIdentifier = xcode.lang.objc; };
		5B98953814B36EDE005B6B4B /* SFSimplePost.h */ = {isa = PBXFileReference; fileEncoding = 4; lastKnownFileType = sourcecode.c.h; path = SFSimplePost.h; sourceTree = "<group>"; };
		5B98953914B36EDE005B6B4B /* SFSimplePost.m */ = {isa = PBXFileReference; fileEncoding = 4; lastKnownFileType = sourcecode.c.objc; path = SFSimplePost.m; sourceTree = "<group>"; };
		5B98953C14B36EDE005B6B4B /* SFFacebookRequest.h */ = {isa = PBXFileReference; fileEncoding = 4; lastKnownFileType = sourcecode.c.h; lineEnding = 0; path = SFFacebookRequest.h; sourceTree = "<group>"; xcLanguageSpecificationIdentifier = xcode.lang.objcpp; };
		5B98953D14B36EDE005B6B4B /* SFFacebookRequest.m */ = {isa = PBXFileReference; fileEncoding = 4; lastKnownFileType = sourcecode.c.objc; lineEnding = 0; path = SFFacebookRequest.m; sourceTree = "<group>"; xcLanguageSpecificationIdentifier = xcode.lang.objc; };
		5B98953E14B36EDE005B6B4B /* SFSocialFacebook.h */ = {isa = PBXFileReference; fileEncoding = 4; lastKnownFileType = sourcecode.c.h; path = SFSocialFacebook.h; sourceTree = "<group>"; };
		5B98953F14B36EDE005B6B4B /* SFSocialFacebook.m */ = {isa = PBXFileReference; fileEncoding = 4; lastKnownFileType = sourcecode.c.objc; path = SFSocialFacebook.m; sourceTree = "<group>"; };
		5B98954014B36EDE005B6B4B /* SFURLRequest.h */ = {isa = PBXFileReference; fileEncoding = 4; lastKnownFileType = sourcecode.c.h; path = SFURLRequest.h; sourceTree = "<group>"; };
		5B98954114B36EDE005B6B4B /* SFURLRequest.m */ = {isa = PBXFileReference; fileEncoding = 4; lastKnownFileType = sourcecode.c.objc; path = SFURLRequest.m; sourceTree = "<group>"; };
		5B98956414B37010005B6B4B /* TimelineViewController.h */ = {isa = PBXFileReference; fileEncoding = 4; lastKnownFileType = sourcecode.c.h; lineEnding = 0; path = TimelineViewController.h; sourceTree = "<group>"; xcLanguageSpecificationIdentifier = xcode.lang.objcpp; };
		5B98956514B37010005B6B4B /* TimelineViewController.m */ = {isa = PBXFileReference; fileEncoding = 4; lastKnownFileType = sourcecode.c.objc; lineEnding = 0; path = TimelineViewController.m; sourceTree = "<group>"; xcLanguageSpecificationIdentifier = xcode.lang.objc; };
/* End PBXFileReference section */

/* Begin PBXFrameworksBuildPhase section */
		5B9894E814B36E92005B6B4B /* Frameworks */ = {
			isa = PBXFrameworksBuildPhase;
			buildActionMask = 2147483647;
			files = (
				5B9894F014B36E92005B6B4B /* UIKit.framework in Frameworks */,
				5B9894F214B36E92005B6B4B /* Foundation.framework in Frameworks */,
				5B9894F414B36E92005B6B4B /* CoreGraphics.framework in Frameworks */,
			);
			runOnlyForDeploymentPostprocessing = 0;
		};
/* End PBXFrameworksBuildPhase section */

/* Begin PBXGroup section */
		5B9894E014B36E92005B6B4B = {
			isa = PBXGroup;
			children = (
				5B98950614B36EDE005B6B4B /* Facebook */,
				5B9894F514B36E92005B6B4B /* SFSocialFacebookExample */,
				5B9894EE14B36E92005B6B4B /* Frameworks */,
				5B9894EC14B36E92005B6B4B /* Products */,
			);
			sourceTree = "<group>";
		};
		5B9894EC14B36E92005B6B4B /* Products */ = {
			isa = PBXGroup;
			children = (
				5B9894EB14B36E92005B6B4B /* SFSocialFacebookExample.app */,
			);
			name = Products;
			sourceTree = "<group>";
		};
		5B9894EE14B36E92005B6B4B /* Frameworks */ = {
			isa = PBXGroup;
			children = (
				5B9894EF14B36E92005B6B4B /* UIKit.framework */,
				5B9894F114B36E92005B6B4B /* Foundation.framework */,
				5B9894F314B36E92005B6B4B /* CoreGraphics.framework */,
			);
			name = Frameworks;
			sourceTree = "<group>";
		};
		5B9894F514B36E92005B6B4B /* SFSocialFacebookExample */ = {
			isa = PBXGroup;
			children = (
				5B515E9214B5E3C3002406D6 /* Menus.h */,
				5B515E9314B5E3C3002406D6 /* Menus.m */,
				5B9894F614B36E92005B6B4B /* Supporting Files */,
				5B9894FE14B36E92005B6B4B /* AppDelegate.h */,
				5B9894FF14B36E92005B6B4B /* AppDelegate.m */,
				5B98956414B37010005B6B4B /* TimelineViewController.h */,
				5B98956514B37010005B6B4B /* TimelineViewController.m */,
				5B515E7114B5C75B002406D6 /* APICallViewController.h */,
				5B515E7214B5C75B002406D6 /* APICallViewController.m */,
				5B4144F214C45D3B00509C93 /* ObjectPickerController.h */,
				5B4144F314C45D3B00509C93 /* ObjectPickerController.m */,
			);
			path = SFSocialFacebookExample;
			sourceTree = "<group>";
		};
		5B9894F614B36E92005B6B4B /* Supporting Files */ = {
			isa = PBXGroup;
			children = (
				5B9894F714B36E92005B6B4B /* SFSocialFacebookExample-Info.plist */,
				5B9894F814B36E92005B6B4B /* InfoPlist.strings */,
				5B9894FB14B36E92005B6B4B /* main.m */,
				5B9894FD14B36E92005B6B4B /* SFSocialFacebookExample-Prefix.pch */,
			);
			name = "Supporting Files";
			sourceTree = "<group>";
		};
		5B98950614B36EDE005B6B4B /* Facebook */ = {
			isa = PBXGroup;
			children = (
				5B358BD814FBBEA100EBA676 /* FBFrictionlessRequestSettings.h */,
				5B358BD914FBBEA100EBA676 /* FBFrictionlessRequestSettings.m */,
				5B98950A14B36EDE005B6B4B /* Facebook.h */,
				5B98950B14B36EDE005B6B4B /* Facebook.m */,
				5B98950D14B36EDE005B6B4B /* FBConnect.h */,
				5B98950E14B36EDE005B6B4B /* FBDialog.bundle */,
				5B98950F14B36EDE005B6B4B /* FBDialog.h */,
				5B98951014B36EDE005B6B4B /* FBDialog.m */,
				5B98951114B36EDE005B6B4B /* FBLoginDialog.h */,
				5B98951214B36EDE005B6B4B /* FBLoginDialog.m */,
				5B98951314B36EDE005B6B4B /* FBRequest.h */,
				5B98951414B36EDE005B6B4B /* FBRequest.m */,
				5B98951514B36EDE005B6B4B /* JSON */,
				5B98953014B36EDE005B6B4B /* SFSocialFacebook */,
			);
			name = Facebook;
			path = ../../src;
			sourceTree = "<group>";
		};
		5B98951514B36EDE005B6B4B /* JSON */ = {
			isa = PBXGroup;
			children = (
				5B98951614B36EDE005B6B4B /* JSON.h */,
				5B98951714B36EDE005B6B4B /* NSObject+SBJson.h */,
				5B98951814B36EDE005B6B4B /* NSObject+SBJson.m */,
				5B98951914B36EDE005B6B4B /* SBJson.h */,
				5B98951A14B36EDE005B6B4B /* SBJsonParser.h */,
				5B98951B14B36EDE005B6B4B /* SBJsonParser.m */,
				5B98951C14B36EDE005B6B4B /* SBJsonStreamParser.h */,
				5B98951D14B36EDE005B6B4B /* SBJsonStreamParser.m */,
				5B98951E14B36EDE005B6B4B /* SBJsonStreamParserAccumulator.h */,
				5B98951F14B36EDE005B6B4B /* SBJsonStreamParserAccumulator.m */,
				5B98952014B36EDE005B6B4B /* SBJsonStreamParserAdapter.h */,
				5B98952114B36EDE005B6B4B /* SBJsonStreamParserAdapter.m */,
				5B98952214B36EDE005B6B4B /* SBJsonStreamParserState.h */,
				5B98952314B36EDE005B6B4B /* SBJsonStreamParserState.m */,
				5B98952414B36EDE005B6B4B /* SBJsonStreamWriter.h */,
				5B98952514B36EDE005B6B4B /* SBJsonStreamWriter.m */,
				5B98952614B36EDE005B6B4B /* SBJsonStreamWriterAccumulator.h */,
				5B98952714B36EDE005B6B4B /* SBJsonStreamWriterAccumulator.m */,
				5B98952814B36EDE005B6B4B /* SBJsonStreamWriterState.h */,
				5B98952914B36EDE005B6B4B /* SBJsonStreamWriterState.m */,
				5B98952A14B36EDE005B6B4B /* SBJsonTokeniser.h */,
				5B98952B14B36EDE005B6B4B /* SBJsonTokeniser.m */,
				5B98952C14B36EDE005B6B4B /* SBJsonUTF8Stream.h */,
				5B98952D14B36EDE005B6B4B /* SBJsonUTF8Stream.m */,
				5B98952E14B36EDE005B6B4B /* SBJsonWriter.h */,
				5B98952F14B36EDE005B6B4B /* SBJsonWriter.m */,
			);
			path = JSON;
			sourceTree = "<group>";
		};
		5B98953014B36EDE005B6B4B /* SFSocialFacebook */ = {
			isa = PBXGroup;
			children = (
				5B515EB514B72006002406D6 /* SFUtil.h */,
				5B98953114B36EDE005B6B4B /* Models */,
				5B98953C14B36EDE005B6B4B /* SFFacebookRequest.h */,
				5B98953D14B36EDE005B6B4B /* SFFacebookRequest.m */,
				5B98953E14B36EDE005B6B4B /* SFSocialFacebook.h */,
				5B98953F14B36EDE005B6B4B /* SFSocialFacebook.m */,
				5B98954014B36EDE005B6B4B /* SFURLRequest.h */,
				5B98954114B36EDE005B6B4B /* SFURLRequest.m */,
				5B79C96D14D6FF6D00C3D22A /* SFTextDialog.h */,
				5B79C96E14D6FF6D00C3D22A /* SFTextDialog.m */,
			);
			path = SFSocialFacebook;
			sourceTree = "<group>";
		};
		5B98953114B36EDE005B6B4B /* Models */ = {
			isa = PBXGroup;
			children = (
				5B98953414B36EDE005B6B4B /* SFEvent.h */,
				5B98953514B36EDE005B6B4B /* SFEvent.m */,
				5B98953814B36EDE005B6B4B /* SFSimplePost.h */,
				5B98953914B36EDE005B6B4B /* SFSimplePost.m */,
				5B515EFC14BCA5C6002406D6 /* SFSimpleUser.h */,
				5B515EFD14BCA5C6002406D6 /* SFSimpleUser.m */,
				5B4144F514C4949B00509C93 /* SFObject.h */,
				5B4144F614C4949B00509C93 /* SFObject.m */,
				5B524CC214CD90C300FDDBC3 /* SFComment.h */,
				5B524CC314CD90C300FDDBC3 /* SFComment.m */,
				5B79C98314D825F900C3D22A /* SFSimpleApplication.h */,
				5B79C98414D825F900C3D22A /* SFSimpleApplication.m */,
			);
			path = Models;
			sourceTree = "<group>";
		};
/* End PBXGroup section */

/* Begin PBXNativeTarget section */
		5B9894EA14B36E92005B6B4B /* SFSocialFacebookExample */ = {
			isa = PBXNativeTarget;
			buildConfigurationList = 5B98950314B36E92005B6B4B /* Build configuration list for PBXNativeTarget "SFSocialFacebookExample" */;
			buildPhases = (
				5B9894E714B36E92005B6B4B /* Sources */,
				5B9894E814B36E92005B6B4B /* Frameworks */,
				5B9894E914B36E92005B6B4B /* Resources */,
			);
			buildRules = (
			);
			dependencies = (
			);
			name = SFSocialFacebookExample;
			productName = SFSocialFacebookExample;
			productReference = 5B9894EB14B36E92005B6B4B /* SFSocialFacebookExample.app */;
			productType = "com.apple.product-type.application";
		};
/* End PBXNativeTarget section */

/* Begin PBXProject section */
		5B9894E214B36E92005B6B4B /* Project object */ = {
			isa = PBXProject;
			attributes = {
				LastUpgradeCheck = 0420;
				ORGANIZATIONNAME = I.ndigo;
			};
			buildConfigurationList = 5B9894E514B36E92005B6B4B /* Build configuration list for PBXProject "SFSocialFacebookExample" */;
			compatibilityVersion = "Xcode 3.2";
			developmentRegion = English;
			hasScannedForEncodings = 0;
			knownRegions = (
				en,
			);
			mainGroup = 5B9894E014B36E92005B6B4B;
			productRefGroup = 5B9894EC14B36E92005B6B4B /* Products */;
			projectDirPath = "";
			projectRoot = "";
			targets = (
				5B9894EA14B36E92005B6B4B /* SFSocialFacebookExample */,
			);
		};
/* End PBXProject section */

/* Begin PBXResourcesBuildPhase section */
		5B9894E914B36E92005B6B4B /* Resources */ = {
			isa = PBXResourcesBuildPhase;
			buildActionMask = 2147483647;
			files = (
				5B9894FA14B36E92005B6B4B /* InfoPlist.strings in Resources */,
				5B98954614B36EDE005B6B4B /* FBDialog.bundle in Resources */,
			);
			runOnlyForDeploymentPostprocessing = 0;
		};
/* End PBXResourcesBuildPhase section */

/* Begin PBXSourcesBuildPhase section */
		5B9894E714B36E92005B6B4B /* Sources */ = {
			isa = PBXSourcesBuildPhase;
			buildActionMask = 2147483647;
			files = (
				5B9894FC14B36E92005B6B4B /* main.m in Sources */,
				5B98950014B36E92005B6B4B /* AppDelegate.m in Sources */,
				5B98954514B36EDE005B6B4B /* Facebook.m in Sources */,
				5B98954714B36EDE005B6B4B /* FBDialog.m in Sources */,
				5B98954814B36EDE005B6B4B /* FBLoginDialog.m in Sources */,
				5B98954914B36EDE005B6B4B /* FBRequest.m in Sources */,
				5B98954A14B36EDE005B6B4B /* NSObject+SBJson.m in Sources */,
				5B98954B14B36EDE005B6B4B /* SBJsonParser.m in Sources */,
				5B98954C14B36EDE005B6B4B /* SBJsonStreamParser.m in Sources */,
				5B98954D14B36EDE005B6B4B /* SBJsonStreamParserAccumulator.m in Sources */,
				5B98954E14B36EDE005B6B4B /* SBJsonStreamParserAdapter.m in Sources */,
				5B98954F14B36EDE005B6B4B /* SBJsonStreamParserState.m in Sources */,
				5B98955014B36EDE005B6B4B /* SBJsonStreamWriter.m in Sources */,
				5B98955114B36EDE005B6B4B /* SBJsonStreamWriterAccumulator.m in Sources */,
				5B98955214B36EDE005B6B4B /* SBJsonStreamWriterState.m in Sources */,
				5B98955314B36EDE005B6B4B /* SBJsonTokeniser.m in Sources */,
				5B98955414B36EDE005B6B4B /* SBJsonUTF8Stream.m in Sources */,
				5B98955514B36EDE005B6B4B /* SBJsonWriter.m in Sources */,
				5B98955714B36EDE005B6B4B /* SFEvent.m in Sources */,
				5B98955914B36EDE005B6B4B /* SFSimplePost.m in Sources */,
				5B98955B14B36EDE005B6B4B /* SFFacebookRequest.m in Sources */,
				5B98955C14B36EDE005B6B4B /* SFSocialFacebook.m in Sources */,
				5B98955D14B36EDE005B6B4B /* SFURLRequest.m in Sources */,
				5B98956714B37010005B6B4B /* TimelineViewController.m in Sources */,
				5B515E7314B5C75B002406D6 /* APICallViewController.m in Sources */,
				5B515E9414B5E3C3002406D6 /* Menus.m in Sources */,
				5B515EFE14BCA5C7002406D6 /* SFSimpleUser.m in Sources */,
				5B4144F414C45D3B00509C93 /* ObjectPickerController.m in Sources */,
				5B4144F714C4949C00509C93 /* SFObject.m in Sources */,
				5B524CC414CD90C400FDDBC3 /* SFComment.m in Sources */,
				5B79C96F14D6FF6D00C3D22A /* SFTextDialog.m in Sources */,
				5B79C98514D825F900C3D22A /* SFSimpleApplication.m in Sources */,
				5B358BDA14FBBEA100EBA676 /* FBFrictionlessRequestSettings.m in Sources */,
			);
			runOnlyForDeploymentPostprocessing = 0;
		};
/* End PBXSourcesBuildPhase section */

/* Begin PBXVariantGroup section */
		5B9894F814B36E92005B6B4B /* InfoPlist.strings */ = {
			isa = PBXVariantGroup;
			children = (
				5B9894F914B36E92005B6B4B /* en */,
			);
			name = InfoPlist.strings;
			sourceTree = "<group>";
		};
/* End PBXVariantGroup section */

/* Begin XCBuildConfiguration section */
		5B98950114B36E92005B6B4B /* Debug */ = {
			isa = XCBuildConfiguration;
			buildSettings = {
				ALWAYS_SEARCH_USER_PATHS = NO;
				ARCHS = "$(ARCHS_STANDARD_32_BIT)";
				"CODE_SIGN_IDENTITY[sdk=iphoneos*]" = "iPhone Developer";
				COPY_PHASE_STRIP = NO;
				GCC_C_LANGUAGE_STANDARD = gnu99;
				GCC_DYNAMIC_NO_PIC = NO;
				GCC_OPTIMIZATION_LEVEL = 0;
				GCC_PREPROCESSOR_DEFINITIONS = (
					"DEBUG=1",
					"$(inherited)",
				);
				GCC_SYMBOLS_PRIVATE_EXTERN = NO;
				GCC_VERSION = com.apple.compilers.llvm.clang.1_0;
				GCC_WARN_ABOUT_MISSING_PROTOTYPES = YES;
				GCC_WARN_ABOUT_RETURN_TYPE = YES;
				GCC_WARN_UNUSED_VARIABLE = YES;
				IPHONEOS_DEPLOYMENT_TARGET = 5.0;
				SDKROOT = iphoneos;
				TARGETED_DEVICE_FAMILY = "1,2";
			};
			name = Debug;
		};
		5B98950214B36E92005B6B4B /* Release */ = {
			isa = XCBuildConfiguration;
			buildSettings = {
				ALWAYS_SEARCH_USER_PATHS = NO;
				ARCHS = "$(ARCHS_STANDARD_32_BIT)";
				"CODE_SIGN_IDENTITY[sdk=iphoneos*]" = "iPhone Developer";
				COPY_PHASE_STRIP = YES;
				GCC_C_LANGUAGE_STANDARD = gnu99;
				GCC_VERSION = com.apple.compilers.llvm.clang.1_0;
				GCC_WARN_ABOUT_MISSING_PROTOTYPES = YES;
				GCC_WARN_ABOUT_RETURN_TYPE = YES;
				GCC_WARN_UNUSED_VARIABLE = YES;
				IPHONEOS_DEPLOYMENT_TARGET = 5.0;
				OTHER_CFLAGS = "-DNS_BLOCK_ASSERTIONS=1";
				SDKROOT = iphoneos;
				TARGETED_DEVICE_FAMILY = "1,2";
				VALIDATE_PRODUCT = YES;
			};
			name = Release;
		};
		5B98950414B36E92005B6B4B /* Debug */ = {
			isa = XCBuildConfiguration;
			buildSettings = {
				GCC_PRECOMPILE_PREFIX_HEADER = YES;
				GCC_PREFIX_HEADER = "SFSocialFacebookExample/SFSocialFacebookExample-Prefix.pch";
				INFOPLIST_FILE = "SFSocialFacebookExample/SFSocialFacebookExample-Info.plist";
				IPHONEOS_DEPLOYMENT_TARGET = 4.0;
				PRODUCT_NAME = "$(TARGET_NAME)";
				WRAPPER_EXTENSION = app;
			};
			name = Debug;
		};
		5B98950514B36E92005B6B4B /* Release */ = {
			isa = XCBuildConfiguration;
			buildSettings = {
				GCC_PRECOMPILE_PREFIX_HEADER = YES;
				GCC_PREFIX_HEADER = "SFSocialFacebookExample/SFSocialFacebookExample-Prefix.pch";
				INFOPLIST_FILE = "SFSocialFacebookExample/SFSocialFacebookExample-Info.plist";
				IPHONEOS_DEPLOYMENT_TARGET = 4.0;
				PRODUCT_NAME = "$(TARGET_NAME)";
				WRAPPER_EXTENSION = app;
			};
			name = Release;
		};
/* End XCBuildConfiguration section */

/* Begin XCConfigurationList section */
		5B9894E514B36E92005B6B4B /* Build configuration list for PBXProject "SFSocialFacebookExample" */ = {
			isa = XCConfigurationList;
			buildConfigurations = (
				5B98950114B36E92005B6B4B /* Debug */,
				5B98950214B36E92005B6B4B /* Release */,
			);
			defaultConfigurationIsVisible = 0;
			defaultConfigurationName = Release;
		};
		5B98950314B36E92005B6B4B /* Build configuration list for PBXNativeTarget "SFSocialFacebookExample" */ = {
			isa = XCConfigurationList;
			buildConfigurations = (
				5B98950414B36E92005B6B4B /* Debug */,
				5B98950514B36E92005B6B4B /* Release */,
			);
			defaultConfigurationIsVisible = 0;
			defaultConfigurationName = Release;
		};
/* End XCConfigurationList section */
	};
	rootObject = 5B9894E214B36E92005B6B4B /* Project object */;
}
